
Microsoft Visual Studio Solution File, Format Version 12.00
# Visual Studio Version 17
VisualStudioVersion = 17.2.32602.215
MinimumVisualStudioVersion = 10.0.40219.1
Project("{9A19103F-16F7-4668-BE54-9A1E7A4F7556}") = "Common", "Common\Common.csproj", "{3FD506D1-D031-4D11-BFBB-EF4EAE856AF1}"
EndProject
Project("{9A19103F-16F7-4668-BE54-9A1E7A4F7556}") = "TestsCount", "TimeoutFixer\TestsCount.csproj", "{FD1F84DE-E8BE-4B84-8991-5A53201300B1}"
EndProject
Global
	GlobalSection(SolutionConfigurationPlatforms) = preSolution
		Debug|Any CPU = Debug|Any CPU
		Release|Any CPU = Release|Any CPU
	EndGlobalSection
	GlobalSection(ProjectConfigurationPlatforms) = postSolution
		{3FD506D1-D031-4D11-BFBB-EF4EAE856AF1}.Debug|Any CPU.ActiveCfg = Debug|Any CPU
		{3FD506D1-D031-4D11-BFBB-EF4EAE856AF1}.Debug|Any CPU.Build.0 = Debug|Any CPU
		{3FD506D1-D031-4D11-BFBB-EF4EAE856AF1}.Release|Any CPU.ActiveCfg = Release|Any CPU
		{3FD506D1-D031-4D11-BFBB-EF4EAE856AF1}.Release|Any CPU.Build.0 = Release|Any CPU
		{FD1F84DE-E8BE-4B84-8991-5A53201300B1}.Debug|Any CPU.ActiveCfg = Debug|Any CPU
		{FD1F84DE-E8BE-4B84-8991-5A53201300B1}.Debug|Any CPU.Build.0 = Debug|Any CPU
		{FD1F84DE-E8BE-4B84-8991-5A53201300B1}.Release|Any CPU.ActiveCfg = Release|Any CPU
		{FD1F84DE-E8BE-4B84-8991-5A53201300B1}.Release|Any CPU.Build.0 = Release|Any CPU
	EndGlobalSection
	GlobalSection(SolutionProperties) = preSolution
		HideSolutionNode = FALSE
	EndGlobalSection
	GlobalSection(ExtensibilityGlobals) = postSolution
		SolutionGuid = {68669174-D093-41F5-9367-13D9A8E20628}
	EndGlobalSection
EndGlobal
