
Microsoft Visual Studio Solution File, Format Version 12.00
# Visual Studio Version 16
VisualStudioVersion = 16.0.31424.327
MinimumVisualStudioVersion = 10.0.40219.1
Project("{FAE04EC0-301F-11D3-BF4B-00C04F79EFBC}") = "EditButtonApp", "EditButtonApp\EditButtonApp.csproj", "{2A703E45-A029-46AA-9A62-3D4597B97F63}"
EndProject
Project("{FAE04EC0-301F-11D3-BF4B-00C04F79EFBC}") = "EditButtonAppTest", "EditButtonAppTest\EditButtonAppTest.csproj", "{06051A83-E9DC-457D-B72A-25E1CA53CCB9}"
EndProject
Global
	GlobalSection(SolutionConfigurationPlatforms) = preSolution
		Debug|Any CPU = Debug|Any CPU
		Release|Any CPU = Release|Any CPU
	EndGlobalSection
	GlobalSection(ProjectConfigurationPlatforms) = postSolution
		{2A703E45-A029-46AA-9A62-3D4597B97F63}.Debug|Any CPU.ActiveCfg = Debug|Any CPU
		{2A703E45-A029-46AA-9A62-3D4597B97F63}.Debug|Any CPU.Build.0 = Debug|Any CPU
		{2A703E45-A029-46AA-9A62-3D4597B97F63}.Release|Any CPU.ActiveCfg = Release|Any CPU
		{2A703E45-A029-46AA-9A62-3D4597B97F63}.Release|Any CPU.Build.0 = Release|Any CPU
		{06051A83-E9DC-457D-B72A-25E1CA53CCB9}.Debug|Any CPU.ActiveCfg = Debug|Any CPU
		{06051A83-E9DC-457D-B72A-25E1CA53CCB9}.Debug|Any CPU.Build.0 = Debug|Any CPU
		{06051A83-E9DC-457D-B72A-25E1CA53CCB9}.Release|Any CPU.ActiveCfg = Release|Any CPU
		{06051A83-E9DC-457D-B72A-25E1CA53CCB9}.Release|Any CPU.Build.0 = Release|Any CPU
	EndGlobalSection
	GlobalSection(SolutionProperties) = preSolution
		HideSolutionNode = FALSE
	EndGlobalSection
	GlobalSection(ExtensibilityGlobals) = postSolution
		SolutionGuid = {0DF95782-1B9C-4386-AEC7-CC7B17A2F931}
	EndGlobalSection
EndGlobal
