
Microsoft Visual Studio Solution File, Format Version 12.00
# Visual Studio Version 17
VisualStudioVersion = 17.0.31912.275
MinimumVisualStudioVersion = 10.0.40219.1
Project("{FAE04EC0-301F-11D3-BF4B-00C04F79EFBC}") = "TestProject1", "TestProject1\TestProject1.csproj", "{80325FD0-384A-41FA-AF05-6662A306FD78}"
EndProject
Global
	GlobalSection(SolutionConfigurationPlatforms) = preSolution
		Debug|Any CPU = Debug|Any CPU
		Release|Any CPU = Release|Any CPU
	EndGlobalSection
	GlobalSection(ProjectConfigurationPlatforms) = postSolution
		{80325FD0-384A-41FA-AF05-6662A306FD78}.Debug|Any CPU.ActiveCfg = Debug|Any CPU
		{80325FD0-384A-41FA-AF05-6662A306FD78}.Debug|Any CPU.Build.0 = Debug|Any CPU
		{80325FD0-384A-41FA-AF05-6662A306FD78}.Release|Any CPU.ActiveCfg = Release|Any CPU
		{80325FD0-384A-41FA-AF05-6662A306FD78}.Release|Any CPU.Build.0 = Release|Any CPU
	EndGlobalSection
	GlobalSection(SolutionProperties) = preSolution
		HideSolutionNode = FALSE
	EndGlobalSection
	GlobalSection(ExtensibilityGlobals) = postSolution
		SolutionGuid = {C46A39EC-1017-45F6-9C15-946ACF888EB6}
	EndGlobalSection
EndGlobal
